
Microsoft Visual Studio Solution File, Format Version 12.00
# Visual Studio Version 17
VisualStudioVersion = 17.11.35222.181
MinimumVisualStudioVersion = 10.0.40219.1
Project("{9A19103F-16F7-4668-BE54-9A1E7A4F7556}") = "CollinEventplanner", "CollinEventplanner.csproj", "{9C05B316-C726-40A0-85A6-D894A7C48645}"
EndProject
Global
	GlobalSection(SolutionConfigurationPlatforms) = preSolution
		Debug|Any CPU = Debug|Any CPU
		Release|Any CPU = Release|Any CPU
	EndGlobalSection
	GlobalSection(ProjectConfigurationPlatforms) = postSolution
		{9C05B316-C726-40A0-85A6-D894A7C48645}.Debug|Any CPU.ActiveCfg = Debug|Any CPU
		{9C05B316-C726-40A0-85A6-D894A7C48645}.Debug|Any CPU.Build.0 = Debug|Any CPU
		{9C05B316-C726-40A0-85A6-D894A7C48645}.Release|Any CPU.ActiveCfg = Release|Any CPU
		{9C05B316-C726-40A0-85A6-D894A7C48645}.Release|Any CPU.Build.0 = Release|Any CPU
	EndGlobalSection
	GlobalSection(SolutionProperties) = preSolution
		HideSolutionNode = FALSE
	EndGlobalSection
	GlobalSection(ExtensibilityGlobals) = postSolution
		SolutionGuid = {4FAB3245-0C09-4A1D-8BA6-EDCAF47B3B93}
	EndGlobalSection
EndGlobal
